
Microsoft Visual Studio Solution File, Format Version 12.00
# Visual Studio 15
VisualStudioVersion = 15.0.26403.0
MinimumVisualStudioVersion = 10.0.40219.1
Project("{FAE04EC0-301F-11D3-BF4B-00C04F79EFBC}") = "CodesReader", "CodesReader\CodesReader.csproj", "{1423CC3D-1EE8-44CE-BC37-F35CB0CAF9A8}"
	ProjectSection(ProjectDependencies) = postProject
		{8FE921E6-468E-44A7-9F98-79E30F31AF35} = {8FE921E6-468E-44A7-9F98-79E30F31AF35}
	EndProjectSection
EndProject
Project("{8BC9CEB8-8B4A-11D0-8D11-00A0C91BC942}") = "CodesReaderNative", "CodesReaderNative\CodesReaderNative.vcxproj", "{8FE921E6-468E-44A7-9F98-79E30F31AF35}"
EndProject
Project("{FAE04EC0-301F-11D3-BF4B-00C04F79EFBC}") = "TesseractOCR", "TesseractOCR\TesseractOCR.csproj", "{76CAD7A1-B8FD-4A86-949C-267BC19DE504}"
EndProject
Project("{8BC9CEB8-8B4A-11D0-8D11-00A0C91BC942}") = "OpenCvSVM", "OpenCvSVM\OpenCvSVM.vcxproj", "{3311E72A-9337-48EC-A492-CFC3EC5E55B7}"
EndProject
Project("{FAE04EC0-301F-11D3-BF4B-00C04F79EFBC}") = "SharedDotNet", "SharedDotNet\SharedDotNet.csproj", "{E3CB8435-A394-412F-B593-FF7585EBE345}"
EndProject
Global
	GlobalSection(SolutionConfigurationPlatforms) = preSolution
		Debug|x64 = Debug|x64
		Release|x64 = Release|x64
	EndGlobalSection
	GlobalSection(ProjectConfigurationPlatforms) = postSolution
		{1423CC3D-1EE8-44CE-BC37-F35CB0CAF9A8}.Debug|x64.ActiveCfg = Debug|x64
		{1423CC3D-1EE8-44CE-BC37-F35CB0CAF9A8}.Debug|x64.Build.0 = Debug|x64
		{1423CC3D-1EE8-44CE-BC37-F35CB0CAF9A8}.Release|x64.ActiveCfg = Release|x64
		{1423CC3D-1EE8-44CE-BC37-F35CB0CAF9A8}.Release|x64.Build.0 = Release|x64
		{8FE921E6-468E-44A7-9F98-79E30F31AF35}.Debug|x64.ActiveCfg = Debug|x64
		{8FE921E6-468E-44A7-9F98-79E30F31AF35}.Debug|x64.Build.0 = Debug|x64
		{8FE921E6-468E-44A7-9F98-79E30F31AF35}.Release|x64.ActiveCfg = Release|x64
		{8FE921E6-468E-44A7-9F98-79E30F31AF35}.Release|x64.Build.0 = Release|x64
		{76CAD7A1-B8FD-4A86-949C-267BC19DE504}.Debug|x64.ActiveCfg = Debug|x64
		{76CAD7A1-B8FD-4A86-949C-267BC19DE504}.Debug|x64.Build.0 = Debug|x64
		{76CAD7A1-B8FD-4A86-949C-267BC19DE504}.Release|x64.ActiveCfg = Release|x64
		{76CAD7A1-B8FD-4A86-949C-267BC19DE504}.Release|x64.Build.0 = Release|x64
		{3311E72A-9337-48EC-A492-CFC3EC5E55B7}.Debug|x64.ActiveCfg = Debug|x64
		{3311E72A-9337-48EC-A492-CFC3EC5E55B7}.Debug|x64.Build.0 = Debug|x64
		{3311E72A-9337-48EC-A492-CFC3EC5E55B7}.Release|x64.ActiveCfg = Release|x64
		{3311E72A-9337-48EC-A492-CFC3EC5E55B7}.Release|x64.Build.0 = Release|x64
		{E3CB8435-A394-412F-B593-FF7585EBE345}.Debug|x64.ActiveCfg = Debug|x64
		{E3CB8435-A394-412F-B593-FF7585EBE345}.Debug|x64.Build.0 = Debug|x64
		{E3CB8435-A394-412F-B593-FF7585EBE345}.Release|x64.ActiveCfg = Release|x64
		{E3CB8435-A394-412F-B593-FF7585EBE345}.Release|x64.Build.0 = Release|x64
	EndGlobalSection
	GlobalSection(SolutionProperties) = preSolution
		HideSolutionNode = FALSE
	EndGlobalSection
EndGlobal
